
Microsoft Visual Studio Solution File, Format Version 12.00
# Visual Studio Version 17
VisualStudioVersion = 17.1.32328.378
MinimumVisualStudioVersion = 10.0.40219.1
Project("{FAE04EC0-301F-11D3-BF4B-00C04F79EFBC}") = "Lab_9", "Lab_9\Lab_9.csproj", "{55F9E33F-EDD1-4BC8-AB27-533805757684}"
EndProject
Global
	GlobalSection(SolutionConfigurationPlatforms) = preSolution
		Debug|Any CPU = Debug|Any CPU
		Release|Any CPU = Release|Any CPU
	EndGlobalSection
	GlobalSection(ProjectConfigurationPlatforms) = postSolution
		{55F9E33F-EDD1-4BC8-AB27-533805757684}.Debug|Any CPU.ActiveCfg = Debug|Any CPU
		{55F9E33F-EDD1-4BC8-AB27-533805757684}.Debug|Any CPU.Build.0 = Debug|Any CPU
		{55F9E33F-EDD1-4BC8-AB27-533805757684}.Release|Any CPU.ActiveCfg = Release|Any CPU
		{55F9E33F-EDD1-4BC8-AB27-533805757684}.Release|Any CPU.Build.0 = Release|Any CPU
	EndGlobalSection
	GlobalSection(SolutionProperties) = preSolution
		HideSolutionNode = FALSE
	EndGlobalSection
	GlobalSection(ExtensibilityGlobals) = postSolution
		SolutionGuid = {E0BC00E3-427D-4FB5-8E32-4E34515D18F8}
	EndGlobalSection
EndGlobal
